
Microsoft Visual Studio Solution File, Format Version 12.00
# Visual Studio Version 17
VisualStudioVersion = 17.1.32210.238
MinimumVisualStudioVersion = 10.0.40219.1
Project("{FAE04EC0-301F-11D3-BF4B-00C04F79EFBC}") = "Drawing", "Drawing.csproj", "{D253597F-2D60-4F3A-ADD0-885FD653789A}"
EndProject
Global
	GlobalSection(SolutionConfigurationPlatforms) = preSolution
		Debug|Any CPU = Debug|Any CPU
		Release|Any CPU = Release|Any CPU
	EndGlobalSection
	GlobalSection(ProjectConfigurationPlatforms) = postSolution
		{D253597F-2D60-4F3A-ADD0-885FD653789A}.Debug|Any CPU.ActiveCfg = Debug|Any CPU
		{D253597F-2D60-4F3A-ADD0-885FD653789A}.Debug|Any CPU.Build.0 = Debug|Any CPU
		{D253597F-2D60-4F3A-ADD0-885FD653789A}.Release|Any CPU.ActiveCfg = Release|Any CPU
		{D253597F-2D60-4F3A-ADD0-885FD653789A}.Release|Any CPU.Build.0 = Release|Any CPU
	EndGlobalSection
	GlobalSection(SolutionProperties) = preSolution
		HideSolutionNode = FALSE
	EndGlobalSection
	GlobalSection(ExtensibilityGlobals) = postSolution
		SolutionGuid = {42D66785-07D8-4002-9860-1F517F659F1B}
	EndGlobalSection
EndGlobal
